<?xml version="1.0" encoding="utf-8"?>
<Project ToolsVersion="4.0" xmlns="http://schemas.microsoft.com/developer/msbuild/2003">
  <ItemGroup>
    <Filter Include="Source Files">
      <UniqueIdentifier>{4FC737F1-C7A5-4376-A066-2A32D752A2FF}</UniqueIdentifier>
      <Extensions>cpp;c;cc;cxx;def;odl;idl;hpj;bat;asm;asmx</Extensions>
    </Filter>
    <Filter Include="Header Files">
      <UniqueIdentifier>{93995380-89BD-4b04-88EB-625FBE52EBFB}</UniqueIdentifier>
      <Extensions>h;hh;hpp;hxx;hm;inl;inc;ipp;xsd</Extensions>
    </Filter>
    <Filter Include="Resource Files">
      <UniqueIdentifier>{67DA6AB6-F800-4c08-8B7A-83BB121AAD01}</UniqueIdentifier>
      <Extensions>rc;ico;cur;bmp;dlg;rc2;rct;bin;rgs;gif;jpg;jpeg;jpe;resx;tiff;tif;png;wav;mfcribbon-ms</Extensions>
    </Filter>
  </ItemGroup>
  <ItemGroup>
    <ClCompile Include="main.cpp">
      <Filter>Source Files</Filter>
    </ClCompile>
    <ClCompile Include="stb_image.cpp">
      <Filter>Source Files</Filter>
    </ClCompile>
  </ItemGroup>
  <ItemGroup>
    <ClInclude Include="shader.h">
      <Filter>Header Files</Filter>
    </ClInclude>
    <ClInclude Include="model.h">
      <Filter>Header Files</Filter>
    </ClInclude>
    <ClInclude Include="modelMesh.h">
      <Filter>Header Files</Filter>
    </ClInclude>
    <ClInclude Include="camera.h">
      <Filter>Header Files</Filter>
    </ClInclude>
    <ClInclude Include="cubeMap.h">
      <Filter>Header Files</Filter>
    </ClInclude>
    <ClInclude Include="utils.h">
      <Filter>Header Files</Filter>
    </ClInclude>
    <ClInclude Include="2Dshapes.h">
      <Filter>Header Files</Filter>
    </ClInclude>
    <ClInclude Include="3Dshapes.h">
      <Filter>Header Files</Filter>
    </ClInclude>
    <ClInclude Include="Mesh3D.h">
      <Filter>Header Files</Filter>
    </ClInclude>
    <ClInclude Include="Terrain.h">
      <Filter>Header Files</Filter>
    </ClInclude>
    <ClInclude Include="Perlin.h">
      <Filter>Header Files</Filter>
    </ClInclude>
    <ClInclude Include="ShadowMap.h">
      <Filter>Header Files</Filter>
    </ClInclude>
    <ClInclude Include="Cube.h">
      <Filter>Header Files</Filter>
    </ClInclude>
  </ItemGroup>
  <ItemGroup>
    <Text Include="resources\shaders\cubeFragmentShader.txt">
      <Filter>Resource Files</Filter>
    </Text>
    <Text Include="resources\shaders\cubeVertexShader.txt">
      <Filter>Resource Files</Filter>
    </Text>
    <Text Include="resources\shaders\fogFragmentShader.txt">
      <Filter>Resource Files</Filter>
    </Text>
    <Text Include="resources\shaders\fogVertexShader.txt">
      <Filter>Resource Files</Filter>
    </Text>
    <Text Include="resources\shaders\buttonFragmentShader.txt">
      <Filter>Resource Files</Filter>
    </Text>
    <Text Include="resources\shaders\buttonVertexShader.txt">
      <Filter>Resource Files</Filter>
    </Text>
    <Text Include="resources\shaders\3DFragmentShader.txt">
      <Filter>Resource Files</Filter>
    </Text>
    <Text Include="resources\shaders\3DVertexShader.txt">
      <Filter>Resource Files</Filter>
    </Text>
    <Text Include="resources\shaders\GrassFragmentShader.txt">
      <Filter>Resource Files</Filter>
    </Text>
    <Text Include="resources\shaders\GrassGeometryShader.txt">
      <Filter>Resource Files</Filter>
    </Text>
    <Text Include="resources\shaders\GrassVertexShader.txt">
      <Filter>Resource Files</Filter>
    </Text>
    <Text Include="resources\shaders\ShadowFragmentShader.txt">
      <Filter>Resource Files</Filter>
    </Text>
    <Text Include="resources\shaders\ShadowVertexShader.txt">
      <Filter>Resource Files</Filter>
    </Text>
    <Text Include="resources\shaders\3DTessControlShader.txt">
      <Filter>Resource Files</Filter>
    </Text>
    <Text Include="resources\shaders\3DTessEvalShader.txt">
      <Filter>Resource Files</Filter>
    </Text>
    <Text Include="resources\shaders\ShadowTessControlShader.txt">
      <Filter>Resource Files</Filter>
    </Text>
    <Text Include="resources\shaders\ShadowTessEvalShader.txt">
      <Filter>Resource Files</Filter>
    </Text>
  </ItemGroup>
</Project>